
Microsoft Visual Studio Solution File, Format Version 12.00
# Visual Studio Version 17
VisualStudioVersion = 17.12.35514.174 d17.12
MinimumVisualStudioVersion = 10.0.40219.1
Project("{FAE04EC0-301F-11D3-BF4B-00C04F79EFBC}") = "AWSLambda1", "AWSLambda1.csproj", "{CC735E09-BF68-482B-9E4C-CFEC5046AFF9}"
EndProject
Global
	GlobalSection(SolutionConfigurationPlatforms) = preSolution
		Debug|Any CPU = Debug|Any CPU
		Release|Any CPU = Release|Any CPU
	EndGlobalSection
	GlobalSection(ProjectConfigurationPlatforms) = postSolution
		{CC735E09-BF68-482B-9E4C-CFEC5046AFF9}.Debug|Any CPU.ActiveCfg = Debug|Any CPU
		{CC735E09-BF68-482B-9E4C-CFEC5046AFF9}.Debug|Any CPU.Build.0 = Debug|Any CPU
		{CC735E09-BF68-482B-9E4C-CFEC5046AFF9}.Release|Any CPU.ActiveCfg = Release|Any CPU
		{CC735E09-BF68-482B-9E4C-CFEC5046AFF9}.Release|Any CPU.Build.0 = Release|Any CPU
	EndGlobalSection
	GlobalSection(SolutionProperties) = preSolution
		HideSolutionNode = FALSE
	EndGlobalSection
EndGlobal
